
Microsoft Visual Studio Solution File, Format Version 12.00
# Visual Studio 15
Project("{FAE04EC0-301F-11D3-BF4B-00C04F79EFBC}") = "Assembly-CSharp-Editor", "Assembly-CSharp-Editor.csproj", "{1F4575C5-B95B-23CA-75CC-4F0F91145349}"
EndProject
Project("{FAE04EC0-301F-11D3-BF4B-00C04F79EFBC}") = "Assembly-CSharp", "Assembly-CSharp.csproj", "{55215812-2C0C-32C2-9A4C-1C63DE6D6103}"
EndProject
Global
	GlobalSection(SolutionConfigurationPlatforms) = preSolution
		Debug|Any CPU = Debug|Any CPU
		Release|Any CPU = Release|Any CPU
	EndGlobalSection
	GlobalSection(ProjectConfigurationPlatforms) = postSolution
		{1F4575C5-B95B-23CA-75CC-4F0F91145349}.Debug|Any CPU.ActiveCfg = Debug|Any CPU
		{1F4575C5-B95B-23CA-75CC-4F0F91145349}.Debug|Any CPU.Build.0 = Debug|Any CPU
		{1F4575C5-B95B-23CA-75CC-4F0F91145349}.Release|Any CPU.ActiveCfg = Release|Any CPU
		{1F4575C5-B95B-23CA-75CC-4F0F91145349}.Release|Any CPU.Build.0 = Release|Any CPU
		{55215812-2C0C-32C2-9A4C-1C63DE6D6103}.Debug|Any CPU.ActiveCfg = Debug|Any CPU
		{55215812-2C0C-32C2-9A4C-1C63DE6D6103}.Debug|Any CPU.Build.0 = Debug|Any CPU
		{55215812-2C0C-32C2-9A4C-1C63DE6D6103}.Release|Any CPU.ActiveCfg = Release|Any CPU
		{55215812-2C0C-32C2-9A4C-1C63DE6D6103}.Release|Any CPU.Build.0 = Release|Any CPU
	EndGlobalSection
	GlobalSection(SolutionProperties) = preSolution
		HideSolutionNode = FALSE
	EndGlobalSection
EndGlobal
